
Microsoft Visual Studio Solution File, Format Version 12.00
# Visual Studio Version 17
VisualStudioVersion = 17.6.33801.468
MinimumVisualStudioVersion = 10.0.40219.1
Project("{FAE04EC0-301F-11D3-BF4B-00C04F79EFBC}") = "Chart_Grafik", "Chart_Grafik.csproj", "{2824173F-4CB4-45E6-81CC-9630AC05E7A5}"
EndProject
Global
	GlobalSection(SolutionConfigurationPlatforms) = preSolution
		Debug|Any CPU = Debug|Any CPU
		Release|Any CPU = Release|Any CPU
	EndGlobalSection
	GlobalSection(ProjectConfigurationPlatforms) = postSolution
		{2824173F-4CB4-45E6-81CC-9630AC05E7A5}.Debug|Any CPU.ActiveCfg = Debug|Any CPU
		{2824173F-4CB4-45E6-81CC-9630AC05E7A5}.Debug|Any CPU.Build.0 = Debug|Any CPU
		{2824173F-4CB4-45E6-81CC-9630AC05E7A5}.Release|Any CPU.ActiveCfg = Release|Any CPU
		{2824173F-4CB4-45E6-81CC-9630AC05E7A5}.Release|Any CPU.Build.0 = Release|Any CPU
	EndGlobalSection
	GlobalSection(SolutionProperties) = preSolution
		HideSolutionNode = FALSE
	EndGlobalSection
	GlobalSection(ExtensibilityGlobals) = postSolution
		SolutionGuid = {9BD2FC8D-4023-44AD-8B50-1B03984DE702}
	EndGlobalSection
EndGlobal
